// !$*UTF8*$!
{
	archiveVersion = 1;
	classes = {
	};
	objectVersion = 53;
	objects = {

/* Begin PBXBuildFile section */
		9F41BC8424ED8C990072B5C4 /* ResultsView.swift in Sources */ = {isa = PBXBuildFile; fileRef = 9F41BC8324ED8C990072B5C4 /* ResultsView.swift */; };
		9F41BC8624ED8CFC0072B5C4 /* QuestionsView.swift in Sources */ = {isa = PBXBuildFile; fileRef = 9F41BC8524ED8CFC0072B5C4 /* QuestionsView.swift */; };
		9FADD00424E87E69003A07F6 /* AppDelegate.swift in Sources */ = {isa = PBXBuildFile; fileRef = 9FADD00324E87E69003A07F6 /* AppDelegate.swift */; };
		9FADD00624E87E69003A07F6 /* SceneDelegate.swift in Sources */ = {isa = PBXBuildFile; fileRef = 9FADD00524E87E69003A07F6 /* SceneDelegate.swift */; };
		9FADD00824E87E69003A07F6 /* ContentView.swift in Sources */ = {isa = PBXBuildFile; fileRef = 9FADD00724E87E69003A07F6 /* ContentView.swift */; };
		9FADD00A24E87E6A003A07F6 /* Assets.xcassets in Resources */ = {isa = PBXBuildFile; fileRef = 9FADD00924E87E6A003A07F6 /* Assets.xcassets */; };
		9FADD00D24E87E6A003A07F6 /* Preview Assets.xcassets in Resources */ = {isa = PBXBuildFile; fileRef = 9FADD00C24E87E6A003A07F6 /* Preview Assets.xcassets */; };
		9FADD01024E87E6A003A07F6 /* LaunchScreen.storyboard in Resources */ = {isa = PBXBuildFile; fileRef = 9FADD00E24E87E6A003A07F6 /* LaunchScreen.storyboard */; };
		9FADD01824E87F6D003A07F6 /* IntroductionView.swift in Sources */ = {isa = PBXBuildFile; fileRef = 9FADD01724E87F6D003A07F6 /* IntroductionView.swift */; };
/* End PBXBuildFile section */

/* Begin PBXFileReference section */
		9F41BC8324ED8C990072B5C4 /* ResultsView.swift */ = {isa = PBXFileReference; lastKnownFileType = sourcecode.swift; path = ResultsView.swift; sourceTree = "<group>"; };
		9F41BC8524ED8CFC0072B5C4 /* QuestionsView.swift */ = {isa = PBXFileReference; lastKnownFileType = sourcecode.swift; path = QuestionsView.swift; sourceTree = "<group>"; };
		9FADD00024E87E69003A07F6 /* PersonalityQuiz.app */ = {isa = PBXFileReference; explicitFileType = wrapper.application; includeInIndex = 0; path = PersonalityQuiz.app; sourceTree = BUILT_PRODUCTS_DIR; };
		9FADD00324E87E69003A07F6 /* AppDelegate.swift */ = {isa = PBXFileReference; lastKnownFileType = sourcecode.swift; path = AppDelegate.swift; sourceTree = "<group>"; };
		9FADD00524E87E69003A07F6 /* SceneDelegate.swift */ = {isa = PBXFileReference; lastKnownFileType = sourcecode.swift; path = SceneDelegate.swift; sourceTree = "<group>"; };
		9FADD00724E87E69003A07F6 /* ContentView.swift */ = {isa = PBXFileReference; lastKnownFileType = sourcecode.swift; path = ContentView.swift; sourceTree = "<group>"; };
		9FADD00924E87E6A003A07F6 /* Assets.xcassets */ = {isa = PBXFileReference; lastKnownFileType = folder.assetcatalog; path = Assets.xcassets; sourceTree = "<group>"; };
		9FADD00C24E87E6A003A07F6 /* Preview Assets.xcassets */ = {isa = PBXFileReference; lastKnownFileType = folder.assetcatalog; path = "Preview Assets.xcassets"; sourceTree = "<group>"; };
		9FADD00F24E87E6A003A07F6 /* Base */ = {isa = PBXFileReference; lastKnownFileType = file.storyboard; name = Base; path = Base.lproj/LaunchScreen.storyboard; sourceTree = "<group>"; };
		9FADD01124E87E6A003A07F6 /* Info.plist */ = {isa = PBXFileReference; lastKnownFileType = text.plist.xml; path = Info.plist; sourceTree = "<group>"; };
		9FADD01724E87F6D003A07F6 /* IntroductionView.swift */ = {isa = PBXFileReference; lastKnownFileType = sourcecode.swift; path = IntroductionView.swift; sourceTree = "<group>"; };
/* End PBXFileReference section */

/* Begin PBXFrameworksBuildPhase section */
		9FADCFFD24E87E69003A07F6 /* Frameworks */ = {
			isa = PBXFrameworksBuildPhase;
			buildActionMask = 2147483647;
			files = (
			);
			runOnlyForDeploymentPostprocessing = 0;
		};
/* End PBXFrameworksBuildPhase section */

/* Begin PBXGroup section */
		9FADCFF724E87E69003A07F6 = {
			isa = PBXGroup;
			children = (
				9FADD00224E87E69003A07F6 /* PersonalityQuiz */,
				9FADD00124E87E69003A07F6 /* Products */,
			);
			sourceTree = "<group>";
		};
		9FADD00124E87E69003A07F6 /* Products */ = {
			isa = PBXGroup;
			children = (
				9FADD00024E87E69003A07F6 /* PersonalityQuiz.app */,
			);
			name = Products;
			sourceTree = "<group>";
		};
		9FADD00224E87E69003A07F6 /* PersonalityQuiz */ = {
			isa = PBXGroup;
			children = (
				9FADD00324E87E69003A07F6 /* AppDelegate.swift */,
				9FADD00524E87E69003A07F6 /* SceneDelegate.swift */,
				9FADD00724E87E69003A07F6 /* ContentView.swift */,
				9FADD01724E87F6D003A07F6 /* IntroductionView.swift */,
				9F41BC8524ED8CFC0072B5C4 /* QuestionsView.swift */,
				9F41BC8324ED8C990072B5C4 /* ResultsView.swift */,
				9FADD00924E87E6A003A07F6 /* Assets.xcassets */,
				9FADD00E24E87E6A003A07F6 /* LaunchScreen.storyboard */,
				9FADD01124E87E6A003A07F6 /* Info.plist */,
				9FADD00B24E87E6A003A07F6 /* Preview Content */,
			);
			path = PersonalityQuiz;
			sourceTree = "<group>";
		};
		9FADD00B24E87E6A003A07F6 /* Preview Content */ = {
			isa = PBXGroup;
			children = (
				9FADD00C24E87E6A003A07F6 /* Preview Assets.xcassets */,
			);
			path = "Preview Content";
			sourceTree = "<group>";
		};
/* End PBXGroup section */

/* Begin PBXNativeTarget section */
		9FADCFFF24E87E69003A07F6 /* PersonalityQuiz */ = {
			isa = PBXNativeTarget;
			buildConfigurationList = 9FADD01424E87E6A003A07F6 /* Build configuration list for PBXNativeTarget "PersonalityQuiz" */;
			buildPhases = (
				9FADCFFC24E87E69003A07F6 /* Sources */,
				9FADCFFD24E87E69003A07F6 /* Frameworks */,
				9FADCFFE24E87E69003A07F6 /* Resources */,
			);
			buildRules = (
			);
			dependencies = (
			);
			name = PersonalityQuiz;
			productName = PersonalityQuiz;
			productReference = 9FADD00024E87E69003A07F6 /* PersonalityQuiz.app */;
			productType = "com.apple.product-type.application";
		};
/* End PBXNativeTarget section */

/* Begin PBXProject section */
		9FADCFF824E87E69003A07F6 /* Project object */ = {
			isa = PBXProject;
			attributes = {
				LastSwiftUpdateCheck = 1160;
				LastUpgradeCheck = 1160;
				ORGANIZATIONNAME = macForce.one;
				TargetAttributes = {
					9FADCFFF24E87E69003A07F6 = {
						CreatedOnToolsVersion = 11.6;
					};
				};
			};
			buildConfigurationList = 9FADCFFB24E87E69003A07F6 /* Build configuration list for PBXProject "PersonalityQuiz" */;
			compatibilityVersion = "Xcode 11.4";
			developmentRegion = en;
			hasScannedForEncodings = 0;
			knownRegions = (
				en,
				Base,
			);
			mainGroup = 9FADCFF724E87E69003A07F6;
			productRefGroup = 9FADD00124E87E69003A07F6 /* Products */;
			projectDirPath = "";
			projectRoot = "";
			targets = (
				9FADCFFF24E87E69003A07F6 /* PersonalityQuiz */,
			);
		};
/* End PBXProject section */

/* Begin PBXResourcesBuildPhase section */
		9FADCFFE24E87E69003A07F6 /* Resources */ = {
			isa = PBXResourcesBuildPhase;
			buildActionMask = 2147483647;
			files = (
				9FADD01024E87E6A003A07F6 /* LaunchScreen.storyboard in Resources */,
				9FADD00D24E87E6A003A07F6 /* Preview Assets.xcassets in Resources */,
				9FADD00A24E87E6A003A07F6 /* Assets.xcassets in Resources */,
			);
			runOnlyForDeploymentPostprocessing = 0;
		};
/* End PBXResourcesBuildPhase section */

/* Begin PBXSourcesBuildPhase section */
		9FADCFFC24E87E69003A07F6 /* Sources */ = {
			isa = PBXSourcesBuildPhase;
			buildActionMask = 2147483647;
			files = (
				9FADD00424E87E69003A07F6 /* AppDelegate.swift in Sources */,
				9FADD00624E87E69003A07F6 /* SceneDelegate.swift in Sources */,
				9F41BC8624ED8CFC0072B5C4 /* QuestionsView.swift in Sources */,
				9FADD01824E87F6D003A07F6 /* IntroductionView.swift in Sources */,
				9F41BC8424ED8C990072B5C4 /* ResultsView.swift in Sources */,
				9FADD00824E87E69003A07F6 /* ContentView.swift in Sources */,
			);
			runOnlyForDeploymentPostprocessing = 0;
		};
/* End PBXSourcesBuildPhase section */

/* Begin PBXVariantGroup section */
		9FADD00E24E87E6A003A07F6 /* LaunchScreen.storyboard */ = {
			isa = PBXVariantGroup;
			children = (
				9FADD00F24E87E6A003A07F6 /* Base */,
			);
			name = LaunchScreen.storyboard;
			sourceTree = "<group>";
		};
/* End PBXVariantGroup section */

/* Begin XCBuildConfiguration section */
		9FADD01224E87E6A003A07F6 /* Debug */ = {
			isa = XCBuildConfiguration;
			buildSettings = {
				ALWAYS_SEARCH_USER_PATHS = NO;
				CLANG_ANALYZER_NONNULL = YES;
				CLANG_ANALYZER_NUMBER_OBJECT_CONVERSION = YES_AGGRESSIVE;
				CLANG_CXX_LANGUAGE_STANDARD = "gnu++14";
				CLANG_CXX_LIBRARY = "libc++";
				CLANG_ENABLE_MODULES = YES;
				CLANG_ENABLE_OBJC_ARC = YES;
				CLANG_ENABLE_OBJC_WEAK = YES;
				CLANG_WARN_BLOCK_CAPTURE_AUTORELEASING = YES;
				CLANG_WARN_BOOL_CONVERSION = YES;
				CLANG_WARN_COMMA = YES;
				CLANG_WARN_CONSTANT_CONVERSION = YES;
				CLANG_WARN_DEPRECATED_OBJC_IMPLEMENTATIONS = YES;
				CLANG_WARN_DIRECT_OBJC_ISA_USAGE = YES_ERROR;
				CLANG_WARN_DOCUMENTATION_COMMENTS = YES;
				CLANG_WARN_EMPTY_BODY = YES;
				CLANG_WARN_ENUM_CONVERSION = YES;
				CLANG_WARN_INFINITE_RECURSION = YES;
				CLANG_WARN_INT_CONVERSION = YES;
				CLANG_WARN_NON_LITERAL_NULL_CONVERSION = YES;
				CLANG_WARN_OBJC_IMPLICIT_RETAIN_SELF = YES;
				CLANG_WARN_OBJC_LITERAL_CONVERSION = YES;
				CLANG_WARN_OBJC_ROOT_CLASS = YES_ERROR;
				CLANG_WARN_RANGE_LOOP_ANALYSIS = YES;
				CLANG_WARN_STRICT_PROTOTYPES = YES;
				CLANG_WARN_SUSPICIOUS_MOVE = YES;
				CLANG_WARN_UNGUARDED_AVAILABILITY = YES_AGGRESSIVE;
				CLANG_WARN_UNREACHABLE_CODE = YES;
				CLANG_WARN__DUPLICATE_METHOD_MATCH = YES;
				COPY_PHASE_STRIP = NO;
				DEBUG_INFORMATION_FORMAT = dwarf;
				ENABLE_STRICT_OBJC_MSGSEND = YES;
				ENABLE_TESTABILITY = YES;
				GCC_C_LANGUAGE_STANDARD = gnu11;
				GCC_DYNAMIC_NO_PIC = NO;
				GCC_NO_COMMON_BLOCKS = YES;
				GCC_OPTIMIZATION_LEVEL = 0;
				GCC_PREPROCESSOR_DEFINITIONS = (
					"DEBUG=1",
					"$(inherited)",
				);
				GCC_WARN_64_TO_32_BIT_CONVERSION = YES;
				GCC_WARN_ABOUT_RETURN_TYPE = YES_ERROR;
				GCC_WARN_UNDECLARED_SELECTOR = YES;
				GCC_WARN_UNINITIALIZED_AUTOS = YES_AGGRESSIVE;
				GCC_WARN_UNUSED_FUNCTION = YES;
				GCC_WARN_UNUSED_VARIABLE = YES;
				IPHONEOS_DEPLOYMENT_TARGET = 13.6;
				MTL_ENABLE_DEBUG_INFO = INCLUDE_SOURCE;
				MTL_FAST_MATH = YES;
				ONLY_ACTIVE_ARCH = YES;
				SDKROOT = iphoneos;
				SWIFT_ACTIVE_COMPILATION_CONDITIONS = DEBUG;
				SWIFT_OPTIMIZATION_LEVEL = "-Onone";
			};
			name = Debug;
		};
		9FADD01324E87E6A003A07F6 /* Release */ = {
			isa = XCBuildConfiguration;
			buildSettings = {
				ALWAYS_SEARCH_USER_PATHS = NO;
				CLANG_ANALYZER_NONNULL = YES;
				CLANG_ANALYZER_NUMBER_OBJECT_CONVERSION = YES_AGGRESSIVE;
				CLANG_CXX_LANGUAGE_STANDARD = "gnu++14";
				CLANG_CXX_LIBRARY = "libc++";
				CLANG_ENABLE_MODULES = YES;
				CLANG_ENABLE_OBJC_ARC = YES;
				CLANG_ENABLE_OBJC_WEAK = YES;
				CLANG_WARN_BLOCK_CAPTURE_AUTORELEASING = YES;
				CLANG_WARN_BOOL_CONVERSION = YES;
				CLANG_WARN_COMMA = YES;
				CLANG_WARN_CONSTANT_CONVERSION = YES;
				CLANG_WARN_DEPRECATED_OBJC_IMPLEMENTATIONS = YES;
				CLANG_WARN_DIRECT_OBJC_ISA_USAGE = YES_ERROR;
				CLANG_WARN_DOCUMENTATION_COMMENTS = YES;
				CLANG_WARN_EMPTY_BODY = YES;
				CLANG_WARN_ENUM_CONVERSION = YES;
				CLANG_WARN_INFINITE_RECURSION = YES;
				CLANG_WARN_INT_CONVERSION = YES;
				CLANG_WARN_NON_LITERAL_NULL_CONVERSION = YES;
				CLANG_WARN_OBJC_IMPLICIT_RETAIN_SELF = YES;
				CLANG_WARN_OBJC_LITERAL_CONVERSION = YES;
				CLANG_WARN_OBJC_ROOT_CLASS = YES_ERROR;
				CLANG_WARN_RANGE_LOOP_ANALYSIS = YES;
				CLANG_WARN_STRICT_PROTOTYPES = YES;
				CLANG_WARN_SUSPICIOUS_MOVE = YES;
				CLANG_WARN_UNGUARDED_AVAILABILITY = YES_AGGRESSIVE;
				CLANG_WARN_UNREACHABLE_CODE = YES;
				CLANG_WARN__DUPLICATE_METHOD_MATCH = YES;
				COPY_PHASE_STRIP = NO;
				DEBUG_INFORMATION_FORMAT = "dwarf-with-dsym";
				ENABLE_NS_ASSERTIONS = NO;
				ENABLE_STRICT_OBJC_MSGSEND = YES;
				GCC_C_LANGUAGE_STANDARD = gnu11;
				GCC_NO_COMMON_BLOCKS = YES;
				GCC_WARN_64_TO_32_BIT_CONVERSION = YES;
				GCC_WARN_ABOUT_RETURN_TYPE = YES_ERROR;
				GCC_WARN_UNDECLARED_SELECTOR = YES;
				GCC_WARN_UNINITIALIZED_AUTOS = YES_AGGRESSIVE;
				GCC_WARN_UNUSED_FUNCTION = YES;
				GCC_WARN_UNUSED_VARIABLE = YES;
				IPHONEOS_DEPLOYMENT_TARGET = 13.6;
				MTL_ENABLE_DEBUG_INFO = NO;
				MTL_FAST_MATH = YES;
				SDKROOT = iphoneos;
				SWIFT_COMPILATION_MODE = wholemodule;
				SWIFT_OPTIMIZATION_LEVEL = "-O";
				VALIDATE_PRODUCT = YES;
			};
			name = Release;
		};
		9FADD01524E87E6A003A07F6 /* Debug */ = {
			isa = XCBuildConfiguration;
			buildSettings = {
				ASSETCATALOG_COMPILER_APPICON_NAME = AppIcon;
				CODE_SIGN_STYLE = Automatic;
				DEVELOPMENT_ASSET_PATHS = "\"PersonalityQuiz/Preview Content\"";
				DEVELOPMENT_TEAM = JCQ8RQ8D68;
				ENABLE_PREVIEWS = YES;
				INFOPLIST_FILE = PersonalityQuiz/Info.plist;
				LD_RUNPATH_SEARCH_PATHS = (
					"$(inherited)",
					"@executable_path/Frameworks",
				);
				PRODUCT_BUNDLE_IDENTIFIER = one.macforce.PersonalityQuiz;
				PRODUCT_NAME = "$(TARGET_NAME)";
				SWIFT_VERSION = 5.0;
				TARGETED_DEVICE_FAMILY = "1,2";
			};
			name = Debug;
		};
		9FADD01624E87E6A003A07F6 /* Release */ = {
			isa = XCBuildConfiguration;
			buildSettings = {
				ASSETCATALOG_COMPILER_APPICON_NAME = AppIcon;
				CODE_SIGN_STYLE = Automatic;
				DEVELOPMENT_ASSET_PATHS = "\"PersonalityQuiz/Preview Content\"";
				DEVELOPMENT_TEAM = JCQ8RQ8D68;
				ENABLE_PREVIEWS = YES;
				INFOPLIST_FILE = PersonalityQuiz/Info.plist;
				LD_RUNPATH_SEARCH_PATHS = (
					"$(inherited)",
					"@executable_path/Frameworks",
				);
				PRODUCT_BUNDLE_IDENTIFIER = one.macforce.PersonalityQuiz;
				PRODUCT_NAME = "$(TARGET_NAME)";
				SWIFT_VERSION = 5.0;
				TARGETED_DEVICE_FAMILY = "1,2";
			};
			name = Release;
		};
/* End XCBuildConfiguration section */

/* Begin XCConfigurationList section */
		9FADCFFB24E87E69003A07F6 /* Build configuration list for PBXProject "PersonalityQuiz" */ = {
			isa = XCConfigurationList;
			buildConfigurations = (
				9FADD01224E87E6A003A07F6 /* Debug */,
				9FADD01324E87E6A003A07F6 /* Release */,
			);
			defaultConfigurationIsVisible = 0;
			defaultConfigurationName = Release;
		};
		9FADD01424E87E6A003A07F6 /* Build configuration list for PBXNativeTarget "PersonalityQuiz" */ = {
			isa = XCConfigurationList;
			buildConfigurations = (
				9FADD01524E87E6A003A07F6 /* Debug */,
				9FADD01624E87E6A003A07F6 /* Release */,
			);
			defaultConfigurationIsVisible = 0;
			defaultConfigurationName = Release;
		};
/* End XCConfigurationList section */
	};
	rootObject = 9FADCFF824E87E69003A07F6 /* Project object */;
}
